
Microsoft Visual Studio Solution File, Format Version 12.00
# Visual Studio Version 17
VisualStudioVersion = 17.4.33122.133
MinimumVisualStudioVersion = 10.0.40219.1
Project("{FAE04EC0-301F-11D3-BF4B-00C04F79EFBC}") = "FMConsoleApp", "FMConsoleApp\FMConsoleApp.csproj", "{2D7A6B77-CA6E-46B5-B92C-214EAC1AB710}"
EndProject
Project("{FAE04EC0-301F-11D3-BF4B-00C04F79EFBC}") = "CoreConsoleApp", "CoreConsoleApp\CoreConsoleApp.csproj", "{AC03B5E2-6F0B-420E-8B08-31A385816794}"
EndProject
Global
	GlobalSection(SolutionConfigurationPlatforms) = preSolution
		Debug|Any CPU = Debug|Any CPU
		Release|Any CPU = Release|Any CPU
	EndGlobalSection
	GlobalSection(ProjectConfigurationPlatforms) = postSolution
		{2D7A6B77-CA6E-46B5-B92C-214EAC1AB710}.Debug|Any CPU.ActiveCfg = Debug|Any CPU
		{2D7A6B77-CA6E-46B5-B92C-214EAC1AB710}.Debug|Any CPU.Build.0 = Debug|Any CPU
		{2D7A6B77-CA6E-46B5-B92C-214EAC1AB710}.Release|Any CPU.ActiveCfg = Release|Any CPU
		{2D7A6B77-CA6E-46B5-B92C-214EAC1AB710}.Release|Any CPU.Build.0 = Release|Any CPU
		{AC03B5E2-6F0B-420E-8B08-31A385816794}.Debug|Any CPU.ActiveCfg = Debug|Any CPU
		{AC03B5E2-6F0B-420E-8B08-31A385816794}.Debug|Any CPU.Build.0 = Debug|Any CPU
		{AC03B5E2-6F0B-420E-8B08-31A385816794}.Release|Any CPU.ActiveCfg = Release|Any CPU
		{AC03B5E2-6F0B-420E-8B08-31A385816794}.Release|Any CPU.Build.0 = Release|Any CPU
	EndGlobalSection
	GlobalSection(SolutionProperties) = preSolution
		HideSolutionNode = FALSE
	EndGlobalSection
	GlobalSection(ExtensibilityGlobals) = postSolution
		SolutionGuid = {3A2F7A30-551C-4AAB-BD74-1339F5A32A4A}
	EndGlobalSection
EndGlobal
