
Microsoft Visual Studio Solution File, Format Version 12.00
# Visual Studio Version 17
VisualStudioVersion = 17.4.33213.308
MinimumVisualStudioVersion = 10.0.40219.1
Project("{FAE04EC0-301F-11D3-BF4B-00C04F79EFBC}") = "MyInterface1", "MyInterface1\MyInterface1.csproj", "{BA0D46E6-4287-47B9-A3D4-CBFBDB0E491E}"
EndProject
Project("{FAE04EC0-301F-11D3-BF4B-00C04F79EFBC}") = "ConsoleApp1", "ConsoleApp1\ConsoleApp1.csproj", "{F8E0B37F-656E-40E5-AF3F-DD5EA2C74928}"
EndProject
Global
	GlobalSection(SolutionConfigurationPlatforms) = preSolution
		Debug|Any CPU = Debug|Any CPU
		Release|Any CPU = Release|Any CPU
	EndGlobalSection
	GlobalSection(ProjectConfigurationPlatforms) = postSolution
		{BA0D46E6-4287-47B9-A3D4-CBFBDB0E491E}.Debug|Any CPU.ActiveCfg = Debug|Any CPU
		{BA0D46E6-4287-47B9-A3D4-CBFBDB0E491E}.Debug|Any CPU.Build.0 = Debug|Any CPU
		{BA0D46E6-4287-47B9-A3D4-CBFBDB0E491E}.Release|Any CPU.ActiveCfg = Release|Any CPU
		{BA0D46E6-4287-47B9-A3D4-CBFBDB0E491E}.Release|Any CPU.Build.0 = Release|Any CPU
		{F8E0B37F-656E-40E5-AF3F-DD5EA2C74928}.Debug|Any CPU.ActiveCfg = Debug|Any CPU
		{F8E0B37F-656E-40E5-AF3F-DD5EA2C74928}.Debug|Any CPU.Build.0 = Debug|Any CPU
		{F8E0B37F-656E-40E5-AF3F-DD5EA2C74928}.Release|Any CPU.ActiveCfg = Release|Any CPU
		{F8E0B37F-656E-40E5-AF3F-DD5EA2C74928}.Release|Any CPU.Build.0 = Release|Any CPU
	EndGlobalSection
	GlobalSection(SolutionProperties) = preSolution
		HideSolutionNode = FALSE
	EndGlobalSection
	GlobalSection(ExtensibilityGlobals) = postSolution
		SolutionGuid = {88BC512D-455D-4118-80DA-6519043AF0B7}
	EndGlobalSection
EndGlobal
