
Microsoft Visual Studio Solution File, Format Version 12.00
# Visual Studio Version 17
VisualStudioVersion = 17.13.36105.23 d17.13
MinimumVisualStudioVersion = 10.0.40219.1
Project("{FAE04EC0-301F-11D3-BF4B-00C04F79EFBC}") = "MyException", "MyException\MyException.csproj", "{45FD8915-A10C-4C6D-8443-694DAF5D8006}"
EndProject
Project("{FAE04EC0-301F-11D3-BF4B-00C04F79EFBC}") = "ConsoleException", "ConsoleException\ConsoleException.csproj", "{C9CF5727-A2B4-472A-B5DC-A981373EF638}"
EndProject
Project("{FAE04EC0-301F-11D3-BF4B-00C04F79EFBC}") = "CodeContract", "CodeContract\CodeContract.csproj", "{2EE0CC1B-990D-4F5D-BEB3-9C11C4076148}"
EndProject
Project("{FAE04EC0-301F-11D3-BF4B-00C04F79EFBC}") = "WCF_Fault", "WCF_Fault\WCF_Fault.csproj", "{CF8922BF-53AE-40F5-AAFA-D7E96FEDAC90}"
EndProject
Project("{FAE04EC0-301F-11D3-BF4B-00C04F79EFBC}") = "CoreConsoleApp", "CoreConsoleApp\CoreConsoleApp.csproj", "{6E62DA4A-E734-4579-BA0F-2B579C271760}"
EndProject
Global
	GlobalSection(SolutionConfigurationPlatforms) = preSolution
		Debug|Any CPU = Debug|Any CPU
		Release|Any CPU = Release|Any CPU
	EndGlobalSection
	GlobalSection(ProjectConfigurationPlatforms) = postSolution
		{45FD8915-A10C-4C6D-8443-694DAF5D8006}.Debug|Any CPU.ActiveCfg = Debug|Any CPU
		{45FD8915-A10C-4C6D-8443-694DAF5D8006}.Debug|Any CPU.Build.0 = Debug|Any CPU
		{45FD8915-A10C-4C6D-8443-694DAF5D8006}.Release|Any CPU.ActiveCfg = Release|Any CPU
		{45FD8915-A10C-4C6D-8443-694DAF5D8006}.Release|Any CPU.Build.0 = Release|Any CPU
		{C9CF5727-A2B4-472A-B5DC-A981373EF638}.Debug|Any CPU.ActiveCfg = Debug|Any CPU
		{C9CF5727-A2B4-472A-B5DC-A981373EF638}.Debug|Any CPU.Build.0 = Debug|Any CPU
		{C9CF5727-A2B4-472A-B5DC-A981373EF638}.Release|Any CPU.ActiveCfg = Release|Any CPU
		{C9CF5727-A2B4-472A-B5DC-A981373EF638}.Release|Any CPU.Build.0 = Release|Any CPU
		{2EE0CC1B-990D-4F5D-BEB3-9C11C4076148}.Debug|Any CPU.ActiveCfg = Debug|Any CPU
		{2EE0CC1B-990D-4F5D-BEB3-9C11C4076148}.Debug|Any CPU.Build.0 = Debug|Any CPU
		{2EE0CC1B-990D-4F5D-BEB3-9C11C4076148}.Release|Any CPU.ActiveCfg = Release|Any CPU
		{2EE0CC1B-990D-4F5D-BEB3-9C11C4076148}.Release|Any CPU.Build.0 = Release|Any CPU
		{CF8922BF-53AE-40F5-AAFA-D7E96FEDAC90}.Debug|Any CPU.ActiveCfg = Debug|Any CPU
		{CF8922BF-53AE-40F5-AAFA-D7E96FEDAC90}.Debug|Any CPU.Build.0 = Debug|Any CPU
		{CF8922BF-53AE-40F5-AAFA-D7E96FEDAC90}.Release|Any CPU.ActiveCfg = Release|Any CPU
		{CF8922BF-53AE-40F5-AAFA-D7E96FEDAC90}.Release|Any CPU.Build.0 = Release|Any CPU
		{6E62DA4A-E734-4579-BA0F-2B579C271760}.Debug|Any CPU.ActiveCfg = Debug|Any CPU
		{6E62DA4A-E734-4579-BA0F-2B579C271760}.Debug|Any CPU.Build.0 = Debug|Any CPU
		{6E62DA4A-E734-4579-BA0F-2B579C271760}.Release|Any CPU.ActiveCfg = Release|Any CPU
		{6E62DA4A-E734-4579-BA0F-2B579C271760}.Release|Any CPU.Build.0 = Release|Any CPU
	EndGlobalSection
	GlobalSection(SolutionProperties) = preSolution
		HideSolutionNode = FALSE
	EndGlobalSection
	GlobalSection(ExtensibilityGlobals) = postSolution
		SolutionGuid = {16DBB730-F60C-4E62-9704-C6F6FD33039A}
	EndGlobalSection
EndGlobal
